
Microsoft Visual Studio Solution File, Format Version 12.00
# Visual Studio 15
VisualStudioVersion = 15.0.27703.2026
MinimumVisualStudioVersion = 10.0.40219.1
Project("{FAE04EC0-301F-11D3-BF4B-00C04F79EFBC}") = "ExtendedNumericUpDown", "ExtendedNumericUpDown\ExtendedNumericUpDown.csproj", "{FA986A57-5E79-438F-8F46-64A7788A1F15}"
EndProject
Global
	GlobalSection(SolutionConfigurationPlatforms) = preSolution
		Debug|Any CPU = Debug|Any CPU
		Release|Any CPU = Release|Any CPU
	EndGlobalSection
	GlobalSection(ProjectConfigurationPlatforms) = postSolution
		{FA986A57-5E79-438F-8F46-64A7788A1F15}.Debug|Any CPU.ActiveCfg = Debug|Any CPU
		{FA986A57-5E79-438F-8F46-64A7788A1F15}.Debug|Any CPU.Build.0 = Debug|Any CPU
		{FA986A57-5E79-438F-8F46-64A7788A1F15}.Release|Any CPU.ActiveCfg = Release|Any CPU
		{FA986A57-5E79-438F-8F46-64A7788A1F15}.Release|Any CPU.Build.0 = Release|Any CPU
	EndGlobalSection
	GlobalSection(SolutionProperties) = preSolution
		HideSolutionNode = FALSE
	EndGlobalSection
	GlobalSection(ExtensibilityGlobals) = postSolution
		SolutionGuid = {168BD9B3-8916-49F8-ABEF-BF1CE7A77DD2}
	EndGlobalSection
EndGlobal
